# This file is generated by running "yarn install" inside your project.
# Manual changes might be lost - proceed with caution!

__metadata:
  version: 8
  cacheKey: 10c0

"@biomejs/biome@npm:2.3.11":
  version: 2.3.11
  resolution: "@biomejs/biome@npm:2.3.11"
  dependencies:
    "@biomejs/cli-darwin-arm64": "npm:2.3.11"
    "@biomejs/cli-darwin-x64": "npm:2.3.11"
    "@biomejs/cli-linux-arm64": "npm:2.3.11"
    "@biomejs/cli-linux-arm64-musl": "npm:2.3.11"
    "@biomejs/cli-linux-x64": "npm:2.3.11"
    "@biomejs/cli-linux-x64-musl": "npm:2.3.11"
    "@biomejs/cli-win32-arm64": "npm:2.3.11"
    "@biomejs/cli-win32-x64": "npm:2.3.11"
  dependenciesMeta:
    "@biomejs/cli-darwin-arm64":
      optional: true
    "@biomejs/cli-darwin-x64":
      optional: true
    "@biomejs/cli-linux-arm64":
      optional: true
    "@biomejs/cli-linux-arm64-musl":
      optional: true
    "@biomejs/cli-linux-x64":
      optional: true
    "@biomejs/cli-linux-x64-musl":
      optional: true
    "@biomejs/cli-win32-arm64":
      optional: true
    "@biomejs/cli-win32-x64":
      optional: true
  bin:
    biome: bin/biome
  checksum: 10c0/b9764070c3d1583466a8861d37dc480c18103f7bb52115db0f265a38e6343d69792c9beea094e0b3db0905cb365b9a82ad2a0f3f05b7f04873a8f9b444263140
  languageName: node
  linkType: hard

"@biomejs/cli-darwin-arm64@npm:2.3.11":
  version: 2.3.11
  resolution: "@biomejs/cli-darwin-arm64@npm:2.3.11"
  conditions: os=darwin & cpu=arm64
  languageName: node
  linkType: hard

"@biomejs/cli-darwin-x64@npm:2.3.11":
  version: 2.3.11
  resolution: "@biomejs/cli-darwin-x64@npm:2.3.11"
  conditions: os=darwin & cpu=x64
  languageName: node
  linkType: hard

"@biomejs/cli-linux-arm64-musl@npm:2.3.11":
  version: 2.3.11
  resolution: "@biomejs/cli-linux-arm64-musl@npm:2.3.11"
  conditions: os=linux & cpu=arm64 & libc=musl
  languageName: node
  linkType: hard

"@biomejs/cli-linux-arm64@npm:2.3.11":
  version: 2.3.11
  resolution: "@biomejs/cli-linux-arm64@npm:2.3.11"
  conditions: os=linux & cpu=arm64 & libc=glibc
  languageName: node
  linkType: hard

"@biomejs/cli-linux-x64-musl@npm:2.3.11":
  version: 2.3.11
  resolution: "@biomejs/cli-linux-x64-musl@npm:2.3.11"
  conditions: os=linux & cpu=x64 & libc=musl
  languageName: node
  linkType: hard

"@biomejs/cli-linux-x64@npm:2.3.11":
  version: 2.3.11
  resolution: "@biomejs/cli-linux-x64@npm:2.3.11"
  conditions: os=linux & cpu=x64 & libc=glibc
  languageName: node
  linkType: hard

"@biomejs/cli-win32-arm64@npm:2.3.11":
  version: 2.3.11
  resolution: "@biomejs/cli-win32-arm64@npm:2.3.11"
  conditions: os=win32 & cpu=arm64
  languageName: node
  linkType: hard

"@biomejs/cli-win32-x64@npm:2.3.11":
  version: 2.3.11
  resolution: "@biomejs/cli-win32-x64@npm:2.3.11"
  conditions: os=win32 & cpu=x64
  languageName: node
  linkType: hard

"@promptscout/live-ai-traffic-cloudflare-worker@workspace:*, @promptscout/live-ai-traffic-cloudflare-worker@workspace:packages/cloudflare-worker":
  version: 0.0.0-use.local
  resolution: "@promptscout/live-ai-traffic-cloudflare-worker@workspace:packages/cloudflare-worker"
  dependencies:
    "@promptscout/live-ai-traffic-core": "workspace:*"
  languageName: unknown
  linkType: soft

"@promptscout/live-ai-traffic-cloudflare@workspace:*, @promptscout/live-ai-traffic-cloudflare@workspace:packages/cloudflare":
  version: 0.0.0-use.local
  resolution: "@promptscout/live-ai-traffic-cloudflare@workspace:packages/cloudflare"
  dependencies:
    "@promptscout/live-ai-traffic-core": "workspace:*"
  languageName: unknown
  linkType: soft

"@promptscout/live-ai-traffic-cloudfront-aws@workspace:*, @promptscout/live-ai-traffic-cloudfront-aws@workspace:packages/cloudfront-aws":
  version: 0.0.0-use.local
  resolution: "@promptscout/live-ai-traffic-cloudfront-aws@workspace:packages/cloudfront-aws"
  dependencies:
    "@promptscout/live-ai-traffic-core": "workspace:*"
  languageName: unknown
  linkType: soft

"@promptscout/live-ai-traffic-core@workspace:*, @promptscout/live-ai-traffic-core@workspace:packages/core":
  version: 0.0.0-use.local
  resolution: "@promptscout/live-ai-traffic-core@workspace:packages/core"
  languageName: unknown
  linkType: soft

"@promptscout/live-ai-traffic-example-cloudflare-worker@workspace:examples/cloudflare-worker":
  version: 0.0.0-use.local
  resolution: "@promptscout/live-ai-traffic-example-cloudflare-worker@workspace:examples/cloudflare-worker"
  dependencies:
    "@promptscout/live-ai-traffic-cloudflare-worker": "workspace:*"
  languageName: unknown
  linkType: soft

"@promptscout/live-ai-traffic-example-cloudflare@workspace:examples/cloudflare":
  version: 0.0.0-use.local
  resolution: "@promptscout/live-ai-traffic-example-cloudflare@workspace:examples/cloudflare"
  dependencies:
    "@promptscout/live-ai-traffic-cloudflare": "workspace:*"
  languageName: unknown
  linkType: soft

"@promptscout/live-ai-traffic-example-cloudfront-aws@workspace:examples/cloudfront-aws":
  version: 0.0.0-use.local
  resolution: "@promptscout/live-ai-traffic-example-cloudfront-aws@workspace:examples/cloudfront-aws"
  dependencies:
    "@promptscout/live-ai-traffic-cloudfront-aws": "workspace:*"
  languageName: unknown
  linkType: soft

"@promptscout/live-ai-traffic-example-express@workspace:examples/express":
  version: 0.0.0-use.local
  resolution: "@promptscout/live-ai-traffic-example-express@workspace:examples/express"
  dependencies:
    "@promptscout/live-ai-traffic-node-middleware": "workspace:*"
  languageName: unknown
  linkType: soft

"@promptscout/live-ai-traffic-example-fastly@workspace:examples/fastly":
  version: 0.0.0-use.local
  resolution: "@promptscout/live-ai-traffic-example-fastly@workspace:examples/fastly"
  dependencies:
    "@promptscout/live-ai-traffic-fastly": "workspace:*"
  languageName: unknown
  linkType: soft

"@promptscout/live-ai-traffic-example-netlify@workspace:examples/netlify":
  version: 0.0.0-use.local
  resolution: "@promptscout/live-ai-traffic-example-netlify@workspace:examples/netlify"
  dependencies:
    "@promptscout/live-ai-traffic-netlify": "workspace:*"
  languageName: unknown
  linkType: soft

"@promptscout/live-ai-traffic-example-nginx-log-forwarder@workspace:examples/nginx-log-forwarder":
  version: 0.0.0-use.local
  resolution: "@promptscout/live-ai-traffic-example-nginx-log-forwarder@workspace:examples/nginx-log-forwarder"
  dependencies:
    "@promptscout/live-ai-traffic-nginx-log-forwarder": "workspace:*"
  languageName: unknown
  linkType: soft

"@promptscout/live-ai-traffic-example-node-express@workspace:examples/node-express":
  version: 0.0.0-use.local
  resolution: "@promptscout/live-ai-traffic-example-node-express@workspace:examples/node-express"
  dependencies:
    "@promptscout/live-ai-traffic-node-express": "workspace:*"
  languageName: unknown
  linkType: soft

"@promptscout/live-ai-traffic-example-vercel-nextjs@workspace:examples/vercel-nextjs":
  version: 0.0.0-use.local
  resolution: "@promptscout/live-ai-traffic-example-vercel-nextjs@workspace:examples/vercel-nextjs"
  dependencies:
    "@promptscout/live-ai-traffic-vercel-middleware": "workspace:*"
  peerDependencies:
    next: ">=16.0.0"
    react: ">=19.2.0"
    react-dom: ">=19.2.0"
  languageName: unknown
  linkType: soft

"@promptscout/live-ai-traffic-example-vercel@workspace:examples/vercel":
  version: 0.0.0-use.local
  resolution: "@promptscout/live-ai-traffic-example-vercel@workspace:examples/vercel"
  dependencies:
    "@promptscout/live-ai-traffic-vercel": "workspace:*"
  languageName: unknown
  linkType: soft

"@promptscout/live-ai-traffic-example-wordpress@workspace:examples/wordpress":
  version: 0.0.0-use.local
  resolution: "@promptscout/live-ai-traffic-example-wordpress@workspace:examples/wordpress"
  dependencies:
    "@promptscout/live-ai-traffic-wordpress": "workspace:*"
  languageName: unknown
  linkType: soft

"@promptscout/live-ai-traffic-fastly@workspace:*, @promptscout/live-ai-traffic-fastly@workspace:packages/fastly":
  version: 0.0.0-use.local
  resolution: "@promptscout/live-ai-traffic-fastly@workspace:packages/fastly"
  dependencies:
    "@promptscout/live-ai-traffic-core": "workspace:*"
  languageName: unknown
  linkType: soft

"@promptscout/live-ai-traffic-netlify@workspace:*, @promptscout/live-ai-traffic-netlify@workspace:packages/netlify":
  version: 0.0.0-use.local
  resolution: "@promptscout/live-ai-traffic-netlify@workspace:packages/netlify"
  dependencies:
    "@promptscout/live-ai-traffic-core": "workspace:*"
  languageName: unknown
  linkType: soft

"@promptscout/live-ai-traffic-nginx-log-forwarder@workspace:*, @promptscout/live-ai-traffic-nginx-log-forwarder@workspace:packages/nginx-log-forwarder":
  version: 0.0.0-use.local
  resolution: "@promptscout/live-ai-traffic-nginx-log-forwarder@workspace:packages/nginx-log-forwarder"
  dependencies:
    "@promptscout/live-ai-traffic-core": "workspace:*"
  languageName: unknown
  linkType: soft

"@promptscout/live-ai-traffic-node-express@workspace:*, @promptscout/live-ai-traffic-node-express@workspace:packages/node-express":
  version: 0.0.0-use.local
  resolution: "@promptscout/live-ai-traffic-node-express@workspace:packages/node-express"
  dependencies:
    "@promptscout/live-ai-traffic-core": "workspace:*"
  languageName: unknown
  linkType: soft

"@promptscout/live-ai-traffic-node-middleware@workspace:*, @promptscout/live-ai-traffic-node-middleware@workspace:packages/node-middleware":
  version: 0.0.0-use.local
  resolution: "@promptscout/live-ai-traffic-node-middleware@workspace:packages/node-middleware"
  dependencies:
    "@promptscout/live-ai-traffic-core": "workspace:*"
  languageName: unknown
  linkType: soft

"@promptscout/live-ai-traffic-vercel-middleware@workspace:*, @promptscout/live-ai-traffic-vercel-middleware@workspace:packages/vercel-middleware":
  version: 0.0.0-use.local
  resolution: "@promptscout/live-ai-traffic-vercel-middleware@workspace:packages/vercel-middleware"
  dependencies:
    "@promptscout/live-ai-traffic-core": "workspace:*"
  languageName: unknown
  linkType: soft

"@promptscout/live-ai-traffic-vercel@workspace:*, @promptscout/live-ai-traffic-vercel@workspace:packages/vercel":
  version: 0.0.0-use.local
  resolution: "@promptscout/live-ai-traffic-vercel@workspace:packages/vercel"
  dependencies:
    "@promptscout/live-ai-traffic-core": "workspace:*"
  languageName: unknown
  linkType: soft

"@promptscout/live-ai-traffic-wordpress-plugin@workspace:packages/wordpress-plugin":
  version: 0.0.0-use.local
  resolution: "@promptscout/live-ai-traffic-wordpress-plugin@workspace:packages/wordpress-plugin"
  languageName: unknown
  linkType: soft

"@promptscout/live-ai-traffic-wordpress@workspace:*, @promptscout/live-ai-traffic-wordpress@workspace:packages/wordpress":
  version: 0.0.0-use.local
  resolution: "@promptscout/live-ai-traffic-wordpress@workspace:packages/wordpress"
  dependencies:
    "@promptscout/live-ai-traffic-core": "workspace:*"
  languageName: unknown
  linkType: soft

"promptscout-live-ai-traffic@workspace:.":
  version: 0.0.0-use.local
  resolution: "promptscout-live-ai-traffic@workspace:."
  dependencies:
    "@biomejs/biome": "npm:2.3.11"
    typescript: "npm:5.8.3"
  languageName: unknown
  linkType: soft

"typescript@npm:5.8.3":
  version: 5.8.3
  resolution: "typescript@npm:5.8.3"
  bin:
    tsc: bin/tsc
    tsserver: bin/tsserver
  checksum: 10c0/5f8bb01196e542e64d44db3d16ee0e4063ce4f3e3966df6005f2588e86d91c03e1fb131c2581baf0fb65ee79669eea6e161cd448178986587e9f6844446dbb48
  languageName: node
  linkType: hard

"typescript@patch:typescript@npm%3A5.8.3#optional!builtin<compat/typescript>":
  version: 5.8.3
  resolution: "typescript@patch:typescript@npm%3A5.8.3#optional!builtin<compat/typescript>::version=5.8.3&hash=5786d5"
  bin:
    tsc: bin/tsc
    tsserver: bin/tsserver
  checksum: 10c0/39117e346ff8ebd87ae1510b3a77d5d92dae5a89bde588c747d25da5c146603a99c8ee588c7ef80faaf123d89ed46f6dbd918d534d641083177d5fac38b8a1cb
  languageName: node
  linkType: hard
